
Microsoft Visual Studio Solution File, Format Version 12.00
# Visual Studio Version 17
VisualStudioVersion = 17.14.36401.2 d17.14
MinimumVisualStudioVersion = 10.0.40219.1
Project("{FAE04EC0-301F-11D3-BF4B-00C04F79EFBC}") = "PortfolioEditor", "PortfolioEditor.csproj", "{EB5B6D25-988A-E089-9108-0A66BB8C9F36}"
EndProject
Global
	GlobalSection(SolutionConfigurationPlatforms) = preSolution
		Debug|Any CPU = Debug|Any CPU
		Release|Any CPU = Release|Any CPU
	EndGlobalSection
	GlobalSection(ProjectConfigurationPlatforms) = postSolution
		{EB5B6D25-988A-E089-9108-0A66BB8C9F36}.Debug|Any CPU.ActiveCfg = Debug|Any CPU
		{EB5B6D25-988A-E089-9108-0A66BB8C9F36}.Debug|Any CPU.Build.0 = Debug|Any CPU
		{EB5B6D25-988A-E089-9108-0A66BB8C9F36}.Release|Any CPU.ActiveCfg = Release|Any CPU
		{EB5B6D25-988A-E089-9108-0A66BB8C9F36}.Release|Any CPU.Build.0 = Release|Any CPU
	EndGlobalSection
	GlobalSection(SolutionProperties) = preSolution
		HideSolutionNode = FALSE
	EndGlobalSection
	GlobalSection(ExtensibilityGlobals) = postSolution
		SolutionGuid = {85FCB88D-DA51-41AB-AE5F-1E7F74FAD180}
	EndGlobalSection
EndGlobal
